
Microsoft Visual Studio Solution File, Format Version 12.00
# Visual Studio Version 18
VisualStudioVersion = 18.2.11415.280 d18.0
MinimumVisualStudioVersion = 10.0.40219.1
Project("{FAE04EC0-301F-11D3-BF4B-00C04F79EFBC}") = "MoharAiJob", "MoharAiJob.csproj", "{C980DA00-8FEE-0E64-D95B-B1A5723668A6}"
EndProject
Global
	GlobalSection(SolutionConfigurationPlatforms) = preSolution
		Debug|Any CPU = Debug|Any CPU
		Release|Any CPU = Release|Any CPU
	EndGlobalSection
	GlobalSection(ProjectConfigurationPlatforms) = postSolution
		{C980DA00-8FEE-0E64-D95B-B1A5723668A6}.Debug|Any CPU.ActiveCfg = Debug|Any CPU
		{C980DA00-8FEE-0E64-D95B-B1A5723668A6}.Debug|Any CPU.Build.0 = Debug|Any CPU
		{C980DA00-8FEE-0E64-D95B-B1A5723668A6}.Release|Any CPU.ActiveCfg = Release|Any CPU
		{C980DA00-8FEE-0E64-D95B-B1A5723668A6}.Release|Any CPU.Build.0 = Release|Any CPU
	EndGlobalSection
	GlobalSection(SolutionProperties) = preSolution
		HideSolutionNode = FALSE
	EndGlobalSection
	GlobalSection(ExtensibilityGlobals) = postSolution
		SolutionGuid = {47889A3B-1679-44CE-8CF3-7626E821D625}
	EndGlobalSection
EndGlobal
