
Microsoft Visual Studio Solution File, Format Version 12.00
# Visual Studio Version 18
VisualStudioVersion = 18.2.11415.280 d18.0
MinimumVisualStudioVersion = 10.0.40219.1
Project("{FAE04EC0-301F-11D3-BF4B-00C04F79EFBC}") = "CompSpawnSubplantUnlocker", "CompSpawnSubplantUnlocker.csproj", "{3284C898-58C5-18CA-7DB5-60B8C2D0A1FB}"
EndProject
Global
	GlobalSection(SolutionConfigurationPlatforms) = preSolution
		Debug|Any CPU = Debug|Any CPU
		Release|Any CPU = Release|Any CPU
	EndGlobalSection
	GlobalSection(ProjectConfigurationPlatforms) = postSolution
		{3284C898-58C5-18CA-7DB5-60B8C2D0A1FB}.Debug|Any CPU.ActiveCfg = Debug|Any CPU
		{3284C898-58C5-18CA-7DB5-60B8C2D0A1FB}.Debug|Any CPU.Build.0 = Debug|Any CPU
		{3284C898-58C5-18CA-7DB5-60B8C2D0A1FB}.Release|Any CPU.ActiveCfg = Release|Any CPU
		{3284C898-58C5-18CA-7DB5-60B8C2D0A1FB}.Release|Any CPU.Build.0 = Release|Any CPU
	EndGlobalSection
	GlobalSection(SolutionProperties) = preSolution
		HideSolutionNode = FALSE
	EndGlobalSection
	GlobalSection(ExtensibilityGlobals) = postSolution
		SolutionGuid = {360A4F66-8B47-42F4-A52A-447D1E93FFB7}
	EndGlobalSection
EndGlobal
