
Microsoft Visual Studio Solution File, Format Version 12.00
# Visual Studio Version 18
VisualStudioVersion = 18.2.11415.280 d18.0
MinimumVisualStudioVersion = 10.0.40219.1
Project("{FAE04EC0-301F-11D3-BF4B-00C04F79EFBC}") = "UbetTester", "UbetTester.csproj", "{02983E9E-E80A-F31D-27DD-E83A12D45D4A}"
EndProject
Global
	GlobalSection(SolutionConfigurationPlatforms) = preSolution
		Debug|Any CPU = Debug|Any CPU
		Release|Any CPU = Release|Any CPU
	EndGlobalSection
	GlobalSection(ProjectConfigurationPlatforms) = postSolution
		{02983E9E-E80A-F31D-27DD-E83A12D45D4A}.Debug|Any CPU.ActiveCfg = Debug|Any CPU
		{02983E9E-E80A-F31D-27DD-E83A12D45D4A}.Debug|Any CPU.Build.0 = Debug|Any CPU
		{02983E9E-E80A-F31D-27DD-E83A12D45D4A}.Release|Any CPU.ActiveCfg = Release|Any CPU
		{02983E9E-E80A-F31D-27DD-E83A12D45D4A}.Release|Any CPU.Build.0 = Release|Any CPU
	EndGlobalSection
	GlobalSection(SolutionProperties) = preSolution
		HideSolutionNode = FALSE
	EndGlobalSection
	GlobalSection(ExtensibilityGlobals) = postSolution
		SolutionGuid = {3D6190DA-E050-4FCC-ADC2-9F7664FADD94}
	EndGlobalSection
EndGlobal
