
Microsoft Visual Studio Solution File, Format Version 12.00
# Visual Studio Version 18
VisualStudioVersion = 18.2.11415.280 d18.0
MinimumVisualStudioVersion = 10.0.40219.1
Project("{FAE04EC0-301F-11D3-BF4B-00C04F79EFBC}") = "HediffReplacerHediffGiver", "HediffReplacerHediffGiver.csproj", "{627834D9-4496-DD20-A41F-6F42227899CC}"
EndProject
Global
	GlobalSection(SolutionConfigurationPlatforms) = preSolution
		Debug|Any CPU = Debug|Any CPU
		Release|Any CPU = Release|Any CPU
	EndGlobalSection
	GlobalSection(ProjectConfigurationPlatforms) = postSolution
		{627834D9-4496-DD20-A41F-6F42227899CC}.Debug|Any CPU.ActiveCfg = Debug|Any CPU
		{627834D9-4496-DD20-A41F-6F42227899CC}.Debug|Any CPU.Build.0 = Debug|Any CPU
		{627834D9-4496-DD20-A41F-6F42227899CC}.Release|Any CPU.ActiveCfg = Release|Any CPU
		{627834D9-4496-DD20-A41F-6F42227899CC}.Release|Any CPU.Build.0 = Release|Any CPU
	EndGlobalSection
	GlobalSection(SolutionProperties) = preSolution
		HideSolutionNode = FALSE
	EndGlobalSection
	GlobalSection(ExtensibilityGlobals) = postSolution
		SolutionGuid = {D6516554-00D7-4E99-83C8-0DA49BF0E8AD}
	EndGlobalSection
EndGlobal
