
Microsoft Visual Studio Solution File, Format Version 12.00
# Visual Studio Version 18
VisualStudioVersion = 18.2.11415.280 d18.0
MinimumVisualStudioVersion = 10.0.40219.1
Project("{FAE04EC0-301F-11D3-BF4B-00C04F79EFBC}") = "OneHediffPerGender", "OneHediffPerGender.csproj", "{CC5D0201-EDD7-CA5F-03DC-7DEC856D107B}"
EndProject
Global
	GlobalSection(SolutionConfigurationPlatforms) = preSolution
		Debug|Any CPU = Debug|Any CPU
		Release|Any CPU = Release|Any CPU
	EndGlobalSection
	GlobalSection(ProjectConfigurationPlatforms) = postSolution
		{CC5D0201-EDD7-CA5F-03DC-7DEC856D107B}.Debug|Any CPU.ActiveCfg = Debug|Any CPU
		{CC5D0201-EDD7-CA5F-03DC-7DEC856D107B}.Debug|Any CPU.Build.0 = Debug|Any CPU
		{CC5D0201-EDD7-CA5F-03DC-7DEC856D107B}.Release|Any CPU.ActiveCfg = Release|Any CPU
		{CC5D0201-EDD7-CA5F-03DC-7DEC856D107B}.Release|Any CPU.Build.0 = Release|Any CPU
	EndGlobalSection
	GlobalSection(SolutionProperties) = preSolution
		HideSolutionNode = FALSE
	EndGlobalSection
	GlobalSection(ExtensibilityGlobals) = postSolution
		SolutionGuid = {1264B218-AA18-4D2F-9613-5DC53A185377}
	EndGlobalSection
EndGlobal
